// !$*UTF8*$!
{
	archiveVersion = 1;
	classes = {
	};
	objectVersion = 46;
	objects = {

/* Begin PBXBuildFile section */
		662FB4051B3CA445002854F7 /* Bolts.framework in Frameworks */ = {isa = PBXBuildFile; fileRef = 662FB4031B3CA445002854F7 /* Bolts.framework */; };
		662FB4061B3CA445002854F7 /* Parse.framework in Frameworks */ = {isa = PBXBuildFile; fileRef = 662FB4041B3CA445002854F7 /* Parse.framework */; };
		662FB4081B3CA49E002854F7 /* AudioToolbox.framework in Frameworks */ = {isa = PBXBuildFile; fileRef = 662FB4071B3CA49E002854F7 /* AudioToolbox.framework */; };
		662FB40A1B3CA4A4002854F7 /* CFNetwork.framework in Frameworks */ = {isa = PBXBuildFile; fileRef = 662FB4091B3CA4A4002854F7 /* CFNetwork.framework */; };
		662FB40C1B3CA4AC002854F7 /* CoreGraphics.framework in Frameworks */ = {isa = PBXBuildFile; fileRef = 662FB40B1B3CA4AC002854F7 /* CoreGraphics.framework */; };
		662FB40E1B3CA4B2002854F7 /* CoreLocation.framework in Frameworks */ = {isa = PBXBuildFile; fileRef = 662FB40D1B3CA4B2002854F7 /* CoreLocation.framework */; };
		662FB4101B3CA4B8002854F7 /* MobileCoreServices.framework in Frameworks */ = {isa = PBXBuildFile; fileRef = 662FB40F1B3CA4B8002854F7 /* MobileCoreServices.framework */; };
		662FB4121B3CA4BE002854F7 /* QuartzCore.framework in Frameworks */ = {isa = PBXBuildFile; fileRef = 662FB4111B3CA4BE002854F7 /* QuartzCore.framework */; };
		662FB4141B3CA4C3002854F7 /* Security.framework in Frameworks */ = {isa = PBXBuildFile; fileRef = 662FB4131B3CA4C3002854F7 /* Security.framework */; };
		662FB4161B3CA4CA002854F7 /* StoreKit.framework in Frameworks */ = {isa = PBXBuildFile; fileRef = 662FB4151B3CA4CA002854F7 /* StoreKit.framework */; };
		662FB4181B3CA4D0002854F7 /* SystemConfiguration.framework in Frameworks */ = {isa = PBXBuildFile; fileRef = 662FB4171B3CA4D0002854F7 /* SystemConfiguration.framework */; };
		662FB41A1B3CA4D6002854F7 /* libz.dylib in Frameworks */ = {isa = PBXBuildFile; fileRef = 662FB4191B3CA4D6002854F7 /* libz.dylib */; };
		662FB41C1B3CA4DC002854F7 /* libsqlite3.dylib in Frameworks */ = {isa = PBXBuildFile; fileRef = 662FB41B1B3CA4DC002854F7 /* libsqlite3.dylib */; };
		662FB41E1B3CA4EA002854F7 /* Accounts.framework in Frameworks */ = {isa = PBXBuildFile; fileRef = 662FB41D1B3CA4EA002854F7 /* Accounts.framework */; };
		662FB4201B3CA4F1002854F7 /* Social.framework in Frameworks */ = {isa = PBXBuildFile; fileRef = 662FB41F1B3CA4F1002854F7 /* Social.framework */; };
		662FB4241B3D0FFF002854F7 /* facebook_login.png in Resources */ = {isa = PBXBuildFile; fileRef = 662FB4231B3D0FFF002854F7 /* facebook_login.png */; };
		662FB4261B3D1075002854F7 /* background_01.png in Resources */ = {isa = PBXBuildFile; fileRef = 662FB4251B3D1075002854F7 /* background_01.png */; };
		662FB4291B3D12AE002854F7 /* FrontController.swift in Sources */ = {isa = PBXBuildFile; fileRef = 662FB4281B3D12AE002854F7 /* FrontController.swift */; };
		662FB42B1B3D12DF002854F7 /* PatenteController.swift in Sources */ = {isa = PBXBuildFile; fileRef = 662FB42A1B3D12DF002854F7 /* PatenteController.swift */; };
		662FB42E1B3DEECE002854F7 /* LibraryAPI.swift in Sources */ = {isa = PBXBuildFile; fileRef = 662FB42D1B3DEECE002854F7 /* LibraryAPI.swift */; };
		662FB4311B3DF344002854F7 /* RestriccionService.swift in Sources */ = {isa = PBXBuildFile; fileRef = 662FB4301B3DF344002854F7 /* RestriccionService.swift */; };
		662FB4331B3DF39C002854F7 /* IRestriccionService.swift in Sources */ = {isa = PBXBuildFile; fileRef = 662FB4321B3DF39C002854F7 /* IRestriccionService.swift */; };
		662FB4351B3DF43A002854F7 /* Restriccion.swift in Sources */ = {isa = PBXBuildFile; fileRef = 662FB4341B3DF43A002854F7 /* Restriccion.swift */; };
		6658F19D1B3FE3A8006CBE97 /* santiago_background.png in Resources */ = {isa = PBXBuildFile; fileRef = 6658F19C1B3FE3A8006CBE97 /* santiago_background.png */; };
		66DC2A511B3B3F5A0087FA4B /* AppDelegate.swift in Sources */ = {isa = PBXBuildFile; fileRef = 66DC2A501B3B3F5A0087FA4B /* AppDelegate.swift */; };
		66DC2A531B3B3F5A0087FA4B /* ViewController.swift in Sources */ = {isa = PBXBuildFile; fileRef = 66DC2A521B3B3F5A0087FA4B /* ViewController.swift */; };
		66DC2A561B3B3F5A0087FA4B /* Main.storyboard in Resources */ = {isa = PBXBuildFile; fileRef = 66DC2A541B3B3F5A0087FA4B /* Main.storyboard */; };
		66DC2A581B3B3F5A0087FA4B /* Images.xcassets in Resources */ = {isa = PBXBuildFile; fileRef = 66DC2A571B3B3F5A0087FA4B /* Images.xcassets */; };
		66DC2A5B1B3B3F5A0087FA4B /* LaunchScreen.xib in Resources */ = {isa = PBXBuildFile; fileRef = 66DC2A591B3B3F5A0087FA4B /* LaunchScreen.xib */; };
		66DC2A671B3B3F5B0087FA4B /* Restriccion_VehicularTests.swift in Sources */ = {isa = PBXBuildFile; fileRef = 66DC2A661B3B3F5B0087FA4B /* Restriccion_VehicularTests.swift */; };
		66DC2A711B3C304E0087FA4B /* RestriccionController.swift in Sources */ = {isa = PBXBuildFile; fileRef = 66DC2A701B3C304E0087FA4B /* RestriccionController.swift */; };
/* End PBXBuildFile section */

/* Begin PBXContainerItemProxy section */
		66DC2A611B3B3F5B0087FA4B /* PBXContainerItemProxy */ = {
			isa = PBXContainerItemProxy;
			containerPortal = 66DC2A431B3B3F5A0087FA4B /* Project object */;
			proxyType = 1;
			remoteGlobalIDString = 66DC2A4A1B3B3F5A0087FA4B;
			remoteInfo = "Restriccion Vehicular";
		};
/* End PBXContainerItemProxy section */

/* Begin PBXFileReference section */
		662FB4031B3CA445002854F7 /* Bolts.framework */ = {isa = PBXFileReference; lastKnownFileType = wrapper.framework; path = Bolts.framework; sourceTree = "<group>"; };
		662FB4041B3CA445002854F7 /* Parse.framework */ = {isa = PBXFileReference; lastKnownFileType = wrapper.framework; path = Parse.framework; sourceTree = "<group>"; };
		662FB4071B3CA49E002854F7 /* AudioToolbox.framework */ = {isa = PBXFileReference; lastKnownFileType = wrapper.framework; name = AudioToolbox.framework; path = System/Library/Frameworks/AudioToolbox.framework; sourceTree = SDKROOT; };
		662FB4091B3CA4A4002854F7 /* CFNetwork.framework */ = {isa = PBXFileReference; lastKnownFileType = wrapper.framework; name = CFNetwork.framework; path = System/Library/Frameworks/CFNetwork.framework; sourceTree = SDKROOT; };
		662FB40B1B3CA4AC002854F7 /* CoreGraphics.framework */ = {isa = PBXFileReference; lastKnownFileType = wrapper.framework; name = CoreGraphics.framework; path = System/Library/Frameworks/CoreGraphics.framework; sourceTree = SDKROOT; };
		662FB40D1B3CA4B2002854F7 /* CoreLocation.framework */ = {isa = PBXFileReference; lastKnownFileType = wrapper.framework; name = CoreLocation.framework; path = System/Library/Frameworks/CoreLocation.framework; sourceTree = SDKROOT; };
		662FB40F1B3CA4B8002854F7 /* MobileCoreServices.framework */ = {isa = PBXFileReference; lastKnownFileType = wrapper.framework; name = MobileCoreServices.framework; path = System/Library/Frameworks/MobileCoreServices.framework; sourceTree = SDKROOT; };
		662FB4111B3CA4BE002854F7 /* QuartzCore.framework */ = {isa = PBXFileReference; lastKnownFileType = wrapper.framework; name = QuartzCore.framework; path = System/Library/Frameworks/QuartzCore.framework; sourceTree = SDKROOT; };
		662FB4131B3CA4C3002854F7 /* Security.framework */ = {isa = PBXFileReference; lastKnownFileType = wrapper.framework; name = Security.framework; path = System/Library/Frameworks/Security.framework; sourceTree = SDKROOT; };
		662FB4151B3CA4CA002854F7 /* StoreKit.framework */ = {isa = PBXFileReference; lastKnownFileType = wrapper.framework; name = StoreKit.framework; path = System/Library/Frameworks/StoreKit.framework; sourceTree = SDKROOT; };
		662FB4171B3CA4D0002854F7 /* SystemConfiguration.framework */ = {isa = PBXFileReference; lastKnownFileType = wrapper.framework; name = SystemConfiguration.framework; path = System/Library/Frameworks/SystemConfiguration.framework; sourceTree = SDKROOT; };
		662FB4191B3CA4D6002854F7 /* libz.dylib */ = {isa = PBXFileReference; lastKnownFileType = "compiled.mach-o.dylib"; name = libz.dylib; path = usr/lib/libz.dylib; sourceTree = SDKROOT; };
		662FB41B1B3CA4DC002854F7 /* libsqlite3.dylib */ = {isa = PBXFileReference; lastKnownFileType = "compiled.mach-o.dylib"; name = libsqlite3.dylib; path = usr/lib/libsqlite3.dylib; sourceTree = SDKROOT; };
		662FB41D1B3CA4EA002854F7 /* Accounts.framework */ = {isa = PBXFileReference; lastKnownFileType = wrapper.framework; name = Accounts.framework; path = System/Library/Frameworks/Accounts.framework; sourceTree = SDKROOT; };
		662FB41F1B3CA4F1002854F7 /* Social.framework */ = {isa = PBXFileReference; lastKnownFileType = wrapper.framework; name = Social.framework; path = System/Library/Frameworks/Social.framework; sourceTree = SDKROOT; };
		662FB4231B3D0FFF002854F7 /* facebook_login.png */ = {isa = PBXFileReference; lastKnownFileType = image.png; path = facebook_login.png; sourceTree = "<group>"; };
		662FB4251B3D1075002854F7 /* background_01.png */ = {isa = PBXFileReference; lastKnownFileType = image.png; path = background_01.png; sourceTree = "<group>"; };
		662FB4281B3D12AE002854F7 /* FrontController.swift */ = {isa = PBXFileReference; fileEncoding = 4; lastKnownFileType = sourcecode.swift; path = FrontController.swift; sourceTree = "<group>"; };
		662FB42A1B3D12DF002854F7 /* PatenteController.swift */ = {isa = PBXFileReference; fileEncoding = 4; lastKnownFileType = sourcecode.swift; path = PatenteController.swift; sourceTree = "<group>"; };
		662FB42D1B3DEECE002854F7 /* LibraryAPI.swift */ = {isa = PBXFileReference; fileEncoding = 4; lastKnownFileType = sourcecode.swift; path = LibraryAPI.swift; sourceTree = "<group>"; };
		662FB4301B3DF344002854F7 /* RestriccionService.swift */ = {isa = PBXFileReference; fileEncoding = 4; lastKnownFileType = sourcecode.swift; path = RestriccionService.swift; sourceTree = "<group>"; };
		662FB4321B3DF39C002854F7 /* IRestriccionService.swift */ = {isa = PBXFileReference; fileEncoding = 4; lastKnownFileType = sourcecode.swift; path = IRestriccionService.swift; sourceTree = "<group>"; };
		662FB4341B3DF43A002854F7 /* Restriccion.swift */ = {isa = PBXFileReference; fileEncoding = 4; lastKnownFileType = sourcecode.swift; path = Restriccion.swift; sourceTree = "<group>"; };
		6658F19C1B3FE3A8006CBE97 /* santiago_background.png */ = {isa = PBXFileReference; lastKnownFileType = image.png; path = santiago_background.png; sourceTree = "<group>"; };
		66DC2A4B1B3B3F5A0087FA4B /* Restriccion Vehicular.app */ = {isa = PBXFileReference; explicitFileType = wrapper.application; includeInIndex = 0; path = "Restriccion Vehicular.app"; sourceTree = BUILT_PRODUCTS_DIR; };
		66DC2A4F1B3B3F5A0087FA4B /* Info.plist */ = {isa = PBXFileReference; lastKnownFileType = text.plist.xml; path = Info.plist; sourceTree = "<group>"; };
		66DC2A501B3B3F5A0087FA4B /* AppDelegate.swift */ = {isa = PBXFileReference; lastKnownFileType = sourcecode.swift; path = AppDelegate.swift; sourceTree = "<group>"; };
		66DC2A521B3B3F5A0087FA4B /* ViewController.swift */ = {isa = PBXFileReference; lastKnownFileType = sourcecode.swift; path = ViewController.swift; sourceTree = "<group>"; };
		66DC2A551B3B3F5A0087FA4B /* Base */ = {isa = PBXFileReference; lastKnownFileType = file.storyboard; name = Base; path = Base.lproj/Main.storyboard; sourceTree = "<group>"; };
		66DC2A571B3B3F5A0087FA4B /* Images.xcassets */ = {isa = PBXFileReference; lastKnownFileType = folder.assetcatalog; path = Images.xcassets; sourceTree = "<group>"; };
		66DC2A5A1B3B3F5A0087FA4B /* Base */ = {isa = PBXFileReference; lastKnownFileType = file.xib; name = Base; path = Base.lproj/LaunchScreen.xib; sourceTree = "<group>"; };
		66DC2A601B3B3F5B0087FA4B /* Restriccion VehicularTests.xctest */ = {isa = PBXFileReference; explicitFileType = wrapper.cfbundle; includeInIndex = 0; path = "Restriccion VehicularTests.xctest"; sourceTree = BUILT_PRODUCTS_DIR; };
		66DC2A651B3B3F5B0087FA4B /* Info.plist */ = {isa = PBXFileReference; lastKnownFileType = text.plist.xml; path = Info.plist; sourceTree = "<group>"; };
		66DC2A661B3B3F5B0087FA4B /* Restriccion_VehicularTests.swift */ = {isa = PBXFileReference; lastKnownFileType = sourcecode.swift; path = Restriccion_VehicularTests.swift; sourceTree = "<group>"; };
		66DC2A701B3C304E0087FA4B /* RestriccionController.swift */ = {isa = PBXFileReference; fileEncoding = 4; lastKnownFileType = sourcecode.swift; path = RestriccionController.swift; sourceTree = "<group>"; };
/* End PBXFileReference section */

/* Begin PBXFrameworksBuildPhase section */
		66DC2A481B3B3F5A0087FA4B /* Frameworks */ = {
			isa = PBXFrameworksBuildPhase;
			buildActionMask = 2147483647;
			files = (
				662FB4201B3CA4F1002854F7 /* Social.framework in Frameworks */,
				662FB41E1B3CA4EA002854F7 /* Accounts.framework in Frameworks */,
				662FB41C1B3CA4DC002854F7 /* libsqlite3.dylib in Frameworks */,
				662FB41A1B3CA4D6002854F7 /* libz.dylib in Frameworks */,
				662FB4181B3CA4D0002854F7 /* SystemConfiguration.framework in Frameworks */,
				662FB4161B3CA4CA002854F7 /* StoreKit.framework in Frameworks */,
				662FB4141B3CA4C3002854F7 /* Security.framework in Frameworks */,
				662FB4121B3CA4BE002854F7 /* QuartzCore.framework in Frameworks */,
				662FB4101B3CA4B8002854F7 /* MobileCoreServices.framework in Frameworks */,
				662FB40E1B3CA4B2002854F7 /* CoreLocation.framework in Frameworks */,
				662FB40C1B3CA4AC002854F7 /* CoreGraphics.framework in Frameworks */,
				662FB40A1B3CA4A4002854F7 /* CFNetwork.framework in Frameworks */,
				662FB4081B3CA49E002854F7 /* AudioToolbox.framework in Frameworks */,
				662FB4061B3CA445002854F7 /* Parse.framework in Frameworks */,
				662FB4051B3CA445002854F7 /* Bolts.framework in Frameworks */,
			);
			runOnlyForDeploymentPostprocessing = 0;
		};
		66DC2A5D1B3B3F5B0087FA4B /* Frameworks */ = {
			isa = PBXFrameworksBuildPhase;
			buildActionMask = 2147483647;
			files = (
			);
			runOnlyForDeploymentPostprocessing = 0;
		};
/* End PBXFrameworksBuildPhase section */

/* Begin PBXGroup section */
		662FB4011B3CA41C002854F7 /* Framework */ = {
			isa = PBXGroup;
			children = (
				662FB41F1B3CA4F1002854F7 /* Social.framework */,
				662FB41D1B3CA4EA002854F7 /* Accounts.framework */,
				662FB41B1B3CA4DC002854F7 /* libsqlite3.dylib */,
				662FB4191B3CA4D6002854F7 /* libz.dylib */,
				662FB4171B3CA4D0002854F7 /* SystemConfiguration.framework */,
				662FB4151B3CA4CA002854F7 /* StoreKit.framework */,
				662FB4131B3CA4C3002854F7 /* Security.framework */,
				662FB4111B3CA4BE002854F7 /* QuartzCore.framework */,
				662FB40F1B3CA4B8002854F7 /* MobileCoreServices.framework */,
				662FB40D1B3CA4B2002854F7 /* CoreLocation.framework */,
				662FB40B1B3CA4AC002854F7 /* CoreGraphics.framework */,
				662FB4071B3CA49E002854F7 /* AudioToolbox.framework */,
				662FB4031B3CA445002854F7 /* Bolts.framework */,
				662FB4041B3CA445002854F7 /* Parse.framework */,
				662FB4091B3CA4A4002854F7 /* CFNetwork.framework */,
			);
			name = Framework;
			sourceTree = "<group>";
		};
		662FB4211B3D0FED002854F7 /* Assets */ = {
			isa = PBXGroup;
			children = (
				662FB4221B3D0FF4002854F7 /* images */,
			);
			name = Assets;
			sourceTree = "<group>";
		};
		662FB4221B3D0FF4002854F7 /* images */ = {
			isa = PBXGroup;
			children = (
				6658F19C1B3FE3A8006CBE97 /* santiago_background.png */,
				662FB4251B3D1075002854F7 /* background_01.png */,
				662FB4231B3D0FFF002854F7 /* facebook_login.png */,
			);
			name = images;
			sourceTree = "<group>";
		};
		662FB4271B3D1288002854F7 /* Controllers */ = {
			isa = PBXGroup;
			children = (
				66DC2A701B3C304E0087FA4B /* RestriccionController.swift */,
				66DC2A521B3B3F5A0087FA4B /* ViewController.swift */,
				662FB4281B3D12AE002854F7 /* FrontController.swift */,
				662FB42A1B3D12DF002854F7 /* PatenteController.swift */,
			);
			name = Controllers;
			sourceTree = "<group>";
		};
		662FB42C1B3DEE7B002854F7 /* API */ = {
			isa = PBXGroup;
			children = (
				662FB42D1B3DEECE002854F7 /* LibraryAPI.swift */,
				662FB4301B3DF344002854F7 /* RestriccionService.swift */,
				662FB4321B3DF39C002854F7 /* IRestriccionService.swift */,
			);
			name = API;
			sourceTree = "<group>";
		};
		662FB42F1B3DF0C0002854F7 /* Models */ = {
			isa = PBXGroup;
			children = (
				662FB4341B3DF43A002854F7 /* Restriccion.swift */,
			);
			name = Models;
			sourceTree = "<group>";
		};
		66DC2A421B3B3F5A0087FA4B = {
			isa = PBXGroup;
			children = (
				662FB4011B3CA41C002854F7 /* Framework */,
				66DC2A4D1B3B3F5A0087FA4B /* Restriccion Vehicular */,
				66DC2A631B3B3F5B0087FA4B /* Restriccion VehicularTests */,
				66DC2A4C1B3B3F5A0087FA4B /* Products */,
			);
			sourceTree = "<group>";
		};
		66DC2A4C1B3B3F5A0087FA4B /* Products */ = {
			isa = PBXGroup;
			children = (
				66DC2A4B1B3B3F5A0087FA4B /* Restriccion Vehicular.app */,
				66DC2A601B3B3F5B0087FA4B /* Restriccion VehicularTests.xctest */,
			);
			name = Products;
			sourceTree = "<group>";
		};
		66DC2A4D1B3B3F5A0087FA4B /* Restriccion Vehicular */ = {
			isa = PBXGroup;
			children = (
				662FB42C1B3DEE7B002854F7 /* API */,
				662FB4211B3D0FED002854F7 /* Assets */,
				662FB4271B3D1288002854F7 /* Controllers */,
				662FB42F1B3DF0C0002854F7 /* Models */,
				66DC2A571B3B3F5A0087FA4B /* Images.xcassets */,
				66DC2A501B3B3F5A0087FA4B /* AppDelegate.swift */,
				66DC2A541B3B3F5A0087FA4B /* Main.storyboard */,
				66DC2A591B3B3F5A0087FA4B /* LaunchScreen.xib */,
				66DC2A4E1B3B3F5A0087FA4B /* Supporting Files */,
			);
			path = "Restriccion Vehicular";
			sourceTree = "<group>";
		};
		66DC2A4E1B3B3F5A0087FA4B /* Supporting Files */ = {
			isa = PBXGroup;
			children = (
				66DC2A4F1B3B3F5A0087FA4B /* Info.plist */,
			);
			name = "Supporting Files";
			sourceTree = "<group>";
		};
		66DC2A631B3B3F5B0087FA4B /* Restriccion VehicularTests */ = {
			isa = PBXGroup;
			children = (
				66DC2A661B3B3F5B0087FA4B /* Restriccion_VehicularTests.swift */,
				66DC2A641B3B3F5B0087FA4B /* Supporting Files */,
			);
			path = "Restriccion VehicularTests";
			sourceTree = "<group>";
		};
		66DC2A641B3B3F5B0087FA4B /* Supporting Files */ = {
			isa = PBXGroup;
			children = (
				66DC2A651B3B3F5B0087FA4B /* Info.plist */,
			);
			name = "Supporting Files";
			sourceTree = "<group>";
		};
/* End PBXGroup section */

/* Begin PBXNativeTarget section */
		66DC2A4A1B3B3F5A0087FA4B /* Restriccion Vehicular */ = {
			isa = PBXNativeTarget;
			buildConfigurationList = 66DC2A6A1B3B3F5B0087FA4B /* Build configuration list for PBXNativeTarget "Restriccion Vehicular" */;
			buildPhases = (
				66DC2A471B3B3F5A0087FA4B /* Sources */,
				66DC2A481B3B3F5A0087FA4B /* Frameworks */,
				66DC2A491B3B3F5A0087FA4B /* Resources */,
			);
			buildRules = (
			);
			dependencies = (
			);
			name = "Restriccion Vehicular";
			productName = "Restriccion Vehicular";
			productReference = 66DC2A4B1B3B3F5A0087FA4B /* Restriccion Vehicular.app */;
			productType = "com.apple.product-type.application";
		};
		66DC2A5F1B3B3F5B0087FA4B /* Restriccion VehicularTests */ = {
			isa = PBXNativeTarget;
			buildConfigurationList = 66DC2A6D1B3B3F5B0087FA4B /* Build configuration list for PBXNativeTarget "Restriccion VehicularTests" */;
			buildPhases = (
				66DC2A5C1B3B3F5B0087FA4B /* Sources */,
				66DC2A5D1B3B3F5B0087FA4B /* Frameworks */,
				66DC2A5E1B3B3F5B0087FA4B /* Resources */,
			);
			buildRules = (
			);
			dependencies = (
				66DC2A621B3B3F5B0087FA4B /* PBXTargetDependency */,
			);
			name = "Restriccion VehicularTests";
			productName = "Restriccion VehicularTests";
			productReference = 66DC2A601B3B3F5B0087FA4B /* Restriccion VehicularTests.xctest */;
			productType = "com.apple.product-type.bundle.unit-test";
		};
/* End PBXNativeTarget section */

/* Begin PBXProject section */
		66DC2A431B3B3F5A0087FA4B /* Project object */ = {
			isa = PBXProject;
			attributes = {
				LastUpgradeCheck = 0630;
				ORGANIZATIONNAME = "RABO IT";
				TargetAttributes = {
					66DC2A4A1B3B3F5A0087FA4B = {
						CreatedOnToolsVersion = 6.3.1;
					};
					66DC2A5F1B3B3F5B0087FA4B = {
						CreatedOnToolsVersion = 6.3.1;
						TestTargetID = 66DC2A4A1B3B3F5A0087FA4B;
					};
				};
			};
			buildConfigurationList = 66DC2A461B3B3F5A0087FA4B /* Build configuration list for PBXProject "Restriccion Vehicular" */;
			compatibilityVersion = "Xcode 3.2";
			developmentRegion = English;
			hasScannedForEncodings = 0;
			knownRegions = (
				en,
				Base,
			);
			mainGroup = 66DC2A421B3B3F5A0087FA4B;
			productRefGroup = 66DC2A4C1B3B3F5A0087FA4B /* Products */;
			projectDirPath = "";
			projectRoot = "";
			targets = (
				66DC2A4A1B3B3F5A0087FA4B /* Restriccion Vehicular */,
				66DC2A5F1B3B3F5B0087FA4B /* Restriccion VehicularTests */,
			);
		};
/* End PBXProject section */

/* Begin PBXResourcesBuildPhase section */
		66DC2A491B3B3F5A0087FA4B /* Resources */ = {
			isa = PBXResourcesBuildPhase;
			buildActionMask = 2147483647;
			files = (
				66DC2A561B3B3F5A0087FA4B /* Main.storyboard in Resources */,
				66DC2A5B1B3B3F5A0087FA4B /* LaunchScreen.xib in Resources */,
				66DC2A581B3B3F5A0087FA4B /* Images.xcassets in Resources */,
				662FB4241B3D0FFF002854F7 /* facebook_login.png in Resources */,
				662FB4261B3D1075002854F7 /* background_01.png in Resources */,
				6658F19D1B3FE3A8006CBE97 /* santiago_background.png in Resources */,
			);
			runOnlyForDeploymentPostprocessing = 0;
		};
		66DC2A5E1B3B3F5B0087FA4B /* Resources */ = {
			isa = PBXResourcesBuildPhase;
			buildActionMask = 2147483647;
			files = (
			);
			runOnlyForDeploymentPostprocessing = 0;
		};
/* End PBXResourcesBuildPhase section */

/* Begin PBXSourcesBuildPhase section */
		66DC2A471B3B3F5A0087FA4B /* Sources */ = {
			isa = PBXSourcesBuildPhase;
			buildActionMask = 2147483647;
			files = (
				662FB42B1B3D12DF002854F7 /* PatenteController.swift in Sources */,
				662FB4331B3DF39C002854F7 /* IRestriccionService.swift in Sources */,
				66DC2A711B3C304E0087FA4B /* RestriccionController.swift in Sources */,
				662FB42E1B3DEECE002854F7 /* LibraryAPI.swift in Sources */,
				662FB4291B3D12AE002854F7 /* FrontController.swift in Sources */,
				662FB4351B3DF43A002854F7 /* Restriccion.swift in Sources */,
				66DC2A531B3B3F5A0087FA4B /* ViewController.swift in Sources */,
				66DC2A511B3B3F5A0087FA4B /* AppDelegate.swift in Sources */,
				662FB4311B3DF344002854F7 /* RestriccionService.swift in Sources */,
			);
			runOnlyForDeploymentPostprocessing = 0;
		};
		66DC2A5C1B3B3F5B0087FA4B /* Sources */ = {
			isa = PBXSourcesBuildPhase;
			buildActionMask = 2147483647;
			files = (
				66DC2A671B3B3F5B0087FA4B /* Restriccion_VehicularTests.swift in Sources */,
			);
			runOnlyForDeploymentPostprocessing = 0;
		};
/* End PBXSourcesBuildPhase section */

/* Begin PBXTargetDependency section */
		66DC2A621B3B3F5B0087FA4B /* PBXTargetDependency */ = {
			isa = PBXTargetDependency;
			target = 66DC2A4A1B3B3F5A0087FA4B /* Restriccion Vehicular */;
			targetProxy = 66DC2A611B3B3F5B0087FA4B /* PBXContainerItemProxy */;
		};
/* End PBXTargetDependency section */

/* Begin PBXVariantGroup section */
		66DC2A541B3B3F5A0087FA4B /* Main.storyboard */ = {
			isa = PBXVariantGroup;
			children = (
				66DC2A551B3B3F5A0087FA4B /* Base */,
			);
			name = Main.storyboard;
			sourceTree = "<group>";
		};
		66DC2A591B3B3F5A0087FA4B /* LaunchScreen.xib */ = {
			isa = PBXVariantGroup;
			children = (
				66DC2A5A1B3B3F5A0087FA4B /* Base */,
			);
			name = LaunchScreen.xib;
			sourceTree = "<group>";
		};
/* End PBXVariantGroup section */

/* Begin XCBuildConfiguration section */
		66DC2A681B3B3F5B0087FA4B /* Debug */ = {
			isa = XCBuildConfiguration;
			buildSettings = {
				ALWAYS_SEARCH_USER_PATHS = NO;
				CLANG_CXX_LANGUAGE_STANDARD = "gnu++0x";
				CLANG_CXX_LIBRARY = "libc++";
				CLANG_ENABLE_MODULES = YES;
				CLANG_ENABLE_OBJC_ARC = YES;
				CLANG_WARN_BOOL_CONVERSION = YES;
				CLANG_WARN_CONSTANT_CONVERSION = YES;
				CLANG_WARN_DIRECT_OBJC_ISA_USAGE = YES_ERROR;
				CLANG_WARN_EMPTY_BODY = YES;
				CLANG_WARN_ENUM_CONVERSION = YES;
				CLANG_WARN_INT_CONVERSION = YES;
				CLANG_WARN_OBJC_ROOT_CLASS = YES_ERROR;
				CLANG_WARN_UNREACHABLE_CODE = YES;
				CLANG_WARN__DUPLICATE_METHOD_MATCH = YES;
				"CODE_SIGN_IDENTITY[sdk=iphoneos*]" = "iPhone Developer";
				COPY_PHASE_STRIP = NO;
				DEBUG_INFORMATION_FORMAT = "dwarf-with-dsym";
				ENABLE_STRICT_OBJC_MSGSEND = YES;
				GCC_C_LANGUAGE_STANDARD = gnu99;
				GCC_DYNAMIC_NO_PIC = NO;
				GCC_NO_COMMON_BLOCKS = YES;
				GCC_OPTIMIZATION_LEVEL = 0;
				GCC_PREPROCESSOR_DEFINITIONS = (
					"DEBUG=1",
					"$(inherited)",
				);
				GCC_SYMBOLS_PRIVATE_EXTERN = NO;
				GCC_WARN_64_TO_32_BIT_CONVERSION = YES;
				GCC_WARN_ABOUT_RETURN_TYPE = YES_ERROR;
				GCC_WARN_UNDECLARED_SELECTOR = YES;
				GCC_WARN_UNINITIALIZED_AUTOS = YES_AGGRESSIVE;
				GCC_WARN_UNUSED_FUNCTION = YES;
				GCC_WARN_UNUSED_VARIABLE = YES;
				IPHONEOS_DEPLOYMENT_TARGET = 8.3;
				MTL_ENABLE_DEBUG_INFO = YES;
				ONLY_ACTIVE_ARCH = YES;
				SDKROOT = iphoneos;
				SWIFT_OPTIMIZATION_LEVEL = "-Onone";
			};
			name = Debug;
		};
		66DC2A691B3B3F5B0087FA4B /* Release */ = {
			isa = XCBuildConfiguration;
			buildSettings = {
				ALWAYS_SEARCH_USER_PATHS = NO;
				CLANG_CXX_LANGUAGE_STANDARD = "gnu++0x";
				CLANG_CXX_LIBRARY = "libc++";
				CLANG_ENABLE_MODULES = YES;
				CLANG_ENABLE_OBJC_ARC = YES;
				CLANG_WARN_BOOL_CONVERSION = YES;
				CLANG_WARN_CONSTANT_CONVERSION = YES;
				CLANG_WARN_DIRECT_OBJC_ISA_USAGE = YES_ERROR;
				CLANG_WARN_EMPTY_BODY = YES;
				CLANG_WARN_ENUM_CONVERSION = YES;
				CLANG_WARN_INT_CONVERSION = YES;
				CLANG_WARN_OBJC_ROOT_CLASS = YES_ERROR;
				CLANG_WARN_UNREACHABLE_CODE = YES;
				CLANG_WARN__DUPLICATE_METHOD_MATCH = YES;
				"CODE_SIGN_IDENTITY[sdk=iphoneos*]" = "iPhone Developer";
				COPY_PHASE_STRIP = NO;
				DEBUG_INFORMATION_FORMAT = "dwarf-with-dsym";
				ENABLE_NS_ASSERTIONS = NO;
				ENABLE_STRICT_OBJC_MSGSEND = YES;
				GCC_C_LANGUAGE_STANDARD = gnu99;
				GCC_NO_COMMON_BLOCKS = YES;
				GCC_WARN_64_TO_32_BIT_CONVERSION = YES;
				GCC_WARN_ABOUT_RETURN_TYPE = YES_ERROR;
				GCC_WARN_UNDECLARED_SELECTOR = YES;
				GCC_WARN_UNINITIALIZED_AUTOS = YES_AGGRESSIVE;
				GCC_WARN_UNUSED_FUNCTION = YES;
				GCC_WARN_UNUSED_VARIABLE = YES;
				IPHONEOS_DEPLOYMENT_TARGET = 8.3;
				MTL_ENABLE_DEBUG_INFO = NO;
				SDKROOT = iphoneos;
				VALIDATE_PRODUCT = YES;
			};
			name = Release;
		};
		66DC2A6B1B3B3F5B0087FA4B /* Debug */ = {
			isa = XCBuildConfiguration;
			buildSettings = {
				ASSETCATALOG_COMPILER_APPICON_NAME = AppIcon;
				FRAMEWORK_SEARCH_PATHS = (
					"$(inherited)",
					"$(PROJECT_DIR)",
				);
				INFOPLIST_FILE = "Restriccion Vehicular/Info.plist";
				LD_RUNPATH_SEARCH_PATHS = "$(inherited) @executable_path/Frameworks";
				PRODUCT_NAME = "$(TARGET_NAME)";
			};
			name = Debug;
		};
		66DC2A6C1B3B3F5B0087FA4B /* Release */ = {
			isa = XCBuildConfiguration;
			buildSettings = {
				ASSETCATALOG_COMPILER_APPICON_NAME = AppIcon;
				FRAMEWORK_SEARCH_PATHS = (
					"$(inherited)",
					"$(PROJECT_DIR)",
				);
				INFOPLIST_FILE = "Restriccion Vehicular/Info.plist";
				LD_RUNPATH_SEARCH_PATHS = "$(inherited) @executable_path/Frameworks";
				PRODUCT_NAME = "$(TARGET_NAME)";
			};
			name = Release;
		};
		66DC2A6E1B3B3F5B0087FA4B /* Debug */ = {
			isa = XCBuildConfiguration;
			buildSettings = {
				BUNDLE_LOADER = "$(TEST_HOST)";
				FRAMEWORK_SEARCH_PATHS = (
					"$(SDKROOT)/Developer/Library/Frameworks",
					"$(inherited)",
				);
				GCC_PREPROCESSOR_DEFINITIONS = (
					"DEBUG=1",
					"$(inherited)",
				);
				INFOPLIST_FILE = "Restriccion VehicularTests/Info.plist";
				LD_RUNPATH_SEARCH_PATHS = "$(inherited) @executable_path/Frameworks @loader_path/Frameworks";
				PRODUCT_NAME = "$(TARGET_NAME)";
				TEST_HOST = "$(BUILT_PRODUCTS_DIR)/Restriccion Vehicular.app/Restriccion Vehicular";
			};
			name = Debug;
		};
		66DC2A6F1B3B3F5B0087FA4B /* Release */ = {
			isa = XCBuildConfiguration;
			buildSettings = {
				BUNDLE_LOADER = "$(TEST_HOST)";
				FRAMEWORK_SEARCH_PATHS = (
					"$(SDKROOT)/Developer/Library/Frameworks",
					"$(inherited)",
				);
				INFOPLIST_FILE = "Restriccion VehicularTests/Info.plist";
				LD_RUNPATH_SEARCH_PATHS = "$(inherited) @executable_path/Frameworks @loader_path/Frameworks";
				PRODUCT_NAME = "$(TARGET_NAME)";
				TEST_HOST = "$(BUILT_PRODUCTS_DIR)/Restriccion Vehicular.app/Restriccion Vehicular";
			};
			name = Release;
		};
/* End XCBuildConfiguration section */

/* Begin XCConfigurationList section */
		66DC2A461B3B3F5A0087FA4B /* Build configuration list for PBXProject "Restriccion Vehicular" */ = {
			isa = XCConfigurationList;
			buildConfigurations = (
				66DC2A681B3B3F5B0087FA4B /* Debug */,
				66DC2A691B3B3F5B0087FA4B /* Release */,
			);
			defaultConfigurationIsVisible = 0;
			defaultConfigurationName = Release;
		};
		66DC2A6A1B3B3F5B0087FA4B /* Build configuration list for PBXNativeTarget "Restriccion Vehicular" */ = {
			isa = XCConfigurationList;
			buildConfigurations = (
				66DC2A6B1B3B3F5B0087FA4B /* Debug */,
				66DC2A6C1B3B3F5B0087FA4B /* Release */,
			);
			defaultConfigurationIsVisible = 0;
			defaultConfigurationName = Release;
		};
		66DC2A6D1B3B3F5B0087FA4B /* Build configuration list for PBXNativeTarget "Restriccion VehicularTests" */ = {
			isa = XCConfigurationList;
			buildConfigurations = (
				66DC2A6E1B3B3F5B0087FA4B /* Debug */,
				66DC2A6F1B3B3F5B0087FA4B /* Release */,
			);
			defaultConfigurationIsVisible = 0;
			defaultConfigurationName = Release;
		};
/* End XCConfigurationList section */
	};
	rootObject = 66DC2A431B3B3F5A0087FA4B /* Project object */;
}
